
Microsoft Visual Studio Solution File, Format Version 12.00
# Visual Studio 15
VisualStudioVersion = 15.0.28010.2036
MinimumVisualStudioVersion = 10.0.40219.1
Project("{FAE04EC0-301F-11D3-BF4B-00C04F79EFBC}") = "Lab14", "Lab14\Lab14.csproj", "{61B89F2D-F625-46D0-B1EF-7A107E289615}"
EndProject
Global
	GlobalSection(SolutionConfigurationPlatforms) = preSolution
		Debug|Any CPU = Debug|Any CPU
		Release|Any CPU = Release|Any CPU
	EndGlobalSection
	GlobalSection(ProjectConfigurationPlatforms) = postSolution
		{61B89F2D-F625-46D0-B1EF-7A107E289615}.Debug|Any CPU.ActiveCfg = Debug|Any CPU
		{61B89F2D-F625-46D0-B1EF-7A107E289615}.Debug|Any CPU.Build.0 = Debug|Any CPU
		{61B89F2D-F625-46D0-B1EF-7A107E289615}.Release|Any CPU.ActiveCfg = Release|Any CPU
		{61B89F2D-F625-46D0-B1EF-7A107E289615}.Release|Any CPU.Build.0 = Release|Any CPU
	EndGlobalSection
	GlobalSection(SolutionProperties) = preSolution
		HideSolutionNode = FALSE
	EndGlobalSection
	GlobalSection(ExtensibilityGlobals) = postSolution
		SolutionGuid = {EF9CE85E-B8B5-46CF-BC02-31D1A8FF6FF3}
	EndGlobalSection
EndGlobal
